GIT
  remote: git://github.com/nulldb/nulldb.git
  revision: ffc7dae4697c6b9fb15bed9edca3acb1f00eb5f0
  specs:
    activerecord-nulldb-adapter (0.2.3)
      activerecord (>= 2.0.0)

PATH
  remote: .
  specs:
    paperclip-storage-aliyun (0.0.1)
      paperclip (>= 3.5.2)
      rest-client (>= 1.6.7)

GEM
  remote: http://ruby.taobao.org/
  specs:
    activemodel (4.0.1)
      activesupport (= 4.0.1)
      builder (~> 3.1.0)
    activerecord (4.0.1)
      activemodel (= 4.0.1)
      activerecord-deprecated_finders (~> 1.0.2)
      activesupport (= 4.0.1)
      arel (~> 4.0.0)
    activerecord-deprecated_finders (1.0.3)
    activesupport (4.0.1)
      i18n (~> 0.6, >= 0.6.4)
      minitest (~> 4.2)
      multi_json (~> 1.3)
      thread_safe (~> 0.1)
      tzinfo (~> 0.3.37)
    arel (4.0.1)
    atomic (1.1.14)
    builder (3.1.4)
    climate_control (0.0.3)
      activesupport (>= 3.0)
    cocaine (0.5.3)
      climate_control (>= 0.0.3, < 1.0)
    coderay (1.1.0)
    diff-lcs (1.2.5)
    i18n (0.6.5)
    method_source (0.8.2)
    mime-types (2.0)
    minitest (4.7.5)
    multi_json (1.8.2)
    paperclip (3.5.2)
      activemodel (>= 3.0.0)
      activesupport (>= 3.0.0)
      cocaine (~> 0.5.3)
      mime-types
    pry (0.9.12.4)
      coderay (~> 1.0)
      method_source (~> 0.8)
      slop (~> 3.4)
    pry-nav (0.2.3)
      pry (~> 0.9.10)
    rake (10.1.0)
    rest-client (1.6.7)
      mime-types (>= 1.16)
    rspec (2.14.1)
      rspec-core (~> 2.14.0)
      rspec-expectations (~> 2.14.0)
      rspec-mocks (~> 2.14.0)
    rspec-core (2.14.7)
    rspec-expectations (2.14.4)
      diff-lcs (>= 1.1.3, < 2.0)
    rspec-mocks (2.14.4)
    slop (3.4.7)
    thread_safe (0.1.3)
      atomic
    tzinfo (0.3.38)

PLATFORMS
  ruby

DEPENDENCIES
  activerecord-nulldb-adapter!
  paperclip
  paperclip-storage-aliyun!
  pry
  pry-nav
  rake
  rest-client
  rspec
